// !$*UTF8*$!
{
	archiveVersion = 1;
	classes = {
	};
	objectVersion = 56;
	objects = {

/* Begin PBXBuildFile section */
		168688582C8DE81600D55320 /* AppDelegate.swift in Sources */ = {isa = PBXBuildFile; fileRef = 168688572C8DE81600D55320 /* AppDelegate.swift */; };
		1686885A2C8DE81600D55320 /* SceneDelegate.swift in Sources */ = {isa = PBXBuildFile; fileRef = 168688592C8DE81600D55320 /* SceneDelegate.swift */; };
		168688612C8DE81800D55320 /* Assets.xcassets in Resources */ = {isa = PBXBuildFile; fileRef = 168688602C8DE81800D55320 /* Assets.xcassets */; };
		168688642C8DE81800D55320 /* LaunchScreen.storyboard in Resources */ = {isa = PBXBuildFile; fileRef = 168688622C8DE81800D55320 /* LaunchScreen.storyboard */; };
		1686886E2C8DEAE800D55320 /* MainViewController.swift in Sources */ = {isa = PBXBuildFile; fileRef = 1686886D2C8DEAE800D55320 /* MainViewController.swift */; };
		168688702C8DEB1F00D55320 /* MainPresenter.swift in Sources */ = {isa = PBXBuildFile; fileRef = 1686886F2C8DEB1F00D55320 /* MainPresenter.swift */; };
		168688742C8DED5200D55320 /* UIView+Extensions.swift in Sources */ = {isa = PBXBuildFile; fileRef = 168688732C8DED5200D55320 /* UIView+Extensions.swift */; };
		168688772C8DEE8200D55320 /* SnapKit in Frameworks */ = {isa = PBXBuildFile; productRef = 168688762C8DEE8200D55320 /* SnapKit */; };
		168688792C8DEE8200D55320 /* SnapKit-Dynamic in Frameworks */ = {isa = PBXBuildFile; productRef = 168688782C8DEE8200D55320 /* SnapKit-Dynamic */; };
		1686887E2C8DF05500D55320 /* AppCell.swift in Sources */ = {isa = PBXBuildFile; fileRef = 1686887D2C8DF05500D55320 /* AppCell.swift */; };
		168688802C8DF4D900D55320 /* UITableView+Extensions.swift in Sources */ = {isa = PBXBuildFile; fileRef = 1686887F2C8DF4D900D55320 /* UITableView+Extensions.swift */; };
/* End PBXBuildFile section */

/* Begin PBXFileReference section */
		168688542C8DE81600D55320 /* MiniAppsCollection.app */ = {isa = PBXFileReference; explicitFileType = wrapper.application; includeInIndex = 0; path = MiniAppsCollection.app; sourceTree = BUILT_PRODUCTS_DIR; };
		168688572C8DE81600D55320 /* AppDelegate.swift */ = {isa = PBXFileReference; lastKnownFileType = sourcecode.swift; path = AppDelegate.swift; sourceTree = "<group>"; };
		168688592C8DE81600D55320 /* SceneDelegate.swift */ = {isa = PBXFileReference; lastKnownFileType = sourcecode.swift; path = SceneDelegate.swift; sourceTree = "<group>"; };
		168688602C8DE81800D55320 /* Assets.xcassets */ = {isa = PBXFileReference; lastKnownFileType = folder.assetcatalog; path = Assets.xcassets; sourceTree = "<group>"; };
		168688632C8DE81800D55320 /* Base */ = {isa = PBXFileReference; lastKnownFileType = file.storyboard; name = Base; path = Base.lproj/LaunchScreen.storyboard; sourceTree = "<group>"; };
		168688652C8DE81800D55320 /* Info.plist */ = {isa = PBXFileReference; lastKnownFileType = text.plist.xml; path = Info.plist; sourceTree = "<group>"; };
		1686886D2C8DEAE800D55320 /* MainViewController.swift */ = {isa = PBXFileReference; lastKnownFileType = sourcecode.swift; path = MainViewController.swift; sourceTree = "<group>"; };
		1686886F2C8DEB1F00D55320 /* MainPresenter.swift */ = {isa = PBXFileReference; lastKnownFileType = sourcecode.swift; path = MainPresenter.swift; sourceTree = "<group>"; };
		168688732C8DED5200D55320 /* UIView+Extensions.swift */ = {isa = PBXFileReference; lastKnownFileType = sourcecode.swift; path = "UIView+Extensions.swift"; sourceTree = "<group>"; };
		1686887D2C8DF05500D55320 /* AppCell.swift */ = {isa = PBXFileReference; lastKnownFileType = sourcecode.swift; path = AppCell.swift; sourceTree = "<group>"; };
		1686887F2C8DF4D900D55320 /* UITableView+Extensions.swift */ = {isa = PBXFileReference; lastKnownFileType = sourcecode.swift; path = "UITableView+Extensions.swift"; sourceTree = "<group>"; };
/* End PBXFileReference section */

/* Begin PBXFrameworksBuildPhase section */
		168688512C8DE81600D55320 /* Frameworks */ = {
			isa = PBXFrameworksBuildPhase;
			buildActionMask = 2147483647;
			files = (
				168688772C8DEE8200D55320 /* SnapKit in Frameworks */,
				168688792C8DEE8200D55320 /* SnapKit-Dynamic in Frameworks */,
			);
			runOnlyForDeploymentPostprocessing = 0;
		};
/* End PBXFrameworksBuildPhase section */

/* Begin PBXGroup section */
		1686884B2C8DE81600D55320 = {
			isa = PBXGroup;
			children = (
				168688562C8DE81600D55320 /* MiniAppsCollection */,
				168688552C8DE81600D55320 /* Products */,
			);
			sourceTree = "<group>";
		};
		168688552C8DE81600D55320 /* Products */ = {
			isa = PBXGroup;
			children = (
				168688542C8DE81600D55320 /* MiniAppsCollection.app */,
			);
			name = Products;
			sourceTree = "<group>";
		};
		168688562C8DE81600D55320 /* MiniAppsCollection */ = {
			isa = PBXGroup;
			children = (
				1686886B2C8DEABF00D55320 /* AppLifecycle */,
				1686886C2C8DEADA00D55320 /* Modules */,
				168688712C8DECD900D55320 /* Extensions */,
				168688722C8DECF400D55320 /* Resources */,
			);
			path = MiniAppsCollection;
			sourceTree = "<group>";
		};
		1686886B2C8DEABF00D55320 /* AppLifecycle */ = {
			isa = PBXGroup;
			children = (
				168688572C8DE81600D55320 /* AppDelegate.swift */,
				168688592C8DE81600D55320 /* SceneDelegate.swift */,
			);
			path = AppLifecycle;
			sourceTree = "<group>";
		};
		1686886C2C8DEADA00D55320 /* Modules */ = {
			isa = PBXGroup;
			children = (
				1686887A2C8DF02A00D55320 /* Main */,
			);
			path = Modules;
			sourceTree = "<group>";
		};
		168688712C8DECD900D55320 /* Extensions */ = {
			isa = PBXGroup;
			children = (
				168688732C8DED5200D55320 /* UIView+Extensions.swift */,
				1686887F2C8DF4D900D55320 /* UITableView+Extensions.swift */,
			);
			path = Extensions;
			sourceTree = "<group>";
		};
		168688722C8DECF400D55320 /* Resources */ = {
			isa = PBXGroup;
			children = (
				168688602C8DE81800D55320 /* Assets.xcassets */,
				168688622C8DE81800D55320 /* LaunchScreen.storyboard */,
				168688652C8DE81800D55320 /* Info.plist */,
			);
			path = Resources;
			sourceTree = "<group>";
		};
		1686887A2C8DF02A00D55320 /* Main */ = {
			isa = PBXGroup;
			children = (
				1686887B2C8DF03000D55320 /* View */,
				1686887C2C8DF03500D55320 /* Presenter */,
			);
			path = Main;
			sourceTree = "<group>";
		};
		1686887B2C8DF03000D55320 /* View */ = {
			isa = PBXGroup;
			children = (
				1686886D2C8DEAE800D55320 /* MainViewController.swift */,
				1686887D2C8DF05500D55320 /* AppCell.swift */,
			);
			path = View;
			sourceTree = "<group>";
		};
		1686887C2C8DF03500D55320 /* Presenter */ = {
			isa = PBXGroup;
			children = (
				1686886F2C8DEB1F00D55320 /* MainPresenter.swift */,
			);
			path = Presenter;
			sourceTree = "<group>";
		};
/* End PBXGroup section */

/* Begin PBXNativeTarget section */
		168688532C8DE81600D55320 /* MiniAppsCollection */ = {
			isa = PBXNativeTarget;
			buildConfigurationList = 168688682C8DE81800D55320 /* Build configuration list for PBXNativeTarget "MiniAppsCollection" */;
			buildPhases = (
				168688502C8DE81600D55320 /* Sources */,
				168688512C8DE81600D55320 /* Frameworks */,
				168688522C8DE81600D55320 /* Resources */,
			);
			buildRules = (
			);
			dependencies = (
			);
			name = MiniAppsCollection;
			packageProductDependencies = (
				168688762C8DEE8200D55320 /* SnapKit */,
				168688782C8DEE8200D55320 /* SnapKit-Dynamic */,
			);
			productName = MiniAppsCollection;
			productReference = 168688542C8DE81600D55320 /* MiniAppsCollection.app */;
			productType = "com.apple.product-type.application";
		};
/* End PBXNativeTarget section */

/* Begin PBXProject section */
		1686884C2C8DE81600D55320 /* Project object */ = {
			isa = PBXProject;
			attributes = {
				BuildIndependentTargetsInParallel = 1;
				LastSwiftUpdateCheck = 1520;
				LastUpgradeCheck = 1520;
				TargetAttributes = {
					168688532C8DE81600D55320 = {
						CreatedOnToolsVersion = 15.2;
					};
				};
			};
			buildConfigurationList = 1686884F2C8DE81600D55320 /* Build configuration list for PBXProject "MiniAppsCollection" */;
			compatibilityVersion = "Xcode 14.0";
			developmentRegion = en;
			hasScannedForEncodings = 0;
			knownRegions = (
				en,
				Base,
			);
			mainGroup = 1686884B2C8DE81600D55320;
			packageReferences = (
				168688752C8DEE8200D55320 /* XCRemoteSwiftPackageReference "SnapKit" */,
			);
			productRefGroup = 168688552C8DE81600D55320 /* Products */;
			projectDirPath = "";
			projectRoot = "";
			targets = (
				168688532C8DE81600D55320 /* MiniAppsCollection */,
			);
		};
/* End PBXProject section */

/* Begin PBXResourcesBuildPhase section */
		168688522C8DE81600D55320 /* Resources */ = {
			isa = PBXResourcesBuildPhase;
			buildActionMask = 2147483647;
			files = (
				168688642C8DE81800D55320 /* LaunchScreen.storyboard in Resources */,
				168688612C8DE81800D55320 /* Assets.xcassets in Resources */,
			);
			runOnlyForDeploymentPostprocessing = 0;
		};
/* End PBXResourcesBuildPhase section */

/* Begin PBXSourcesBuildPhase section */
		168688502C8DE81600D55320 /* Sources */ = {
			isa = PBXSourcesBuildPhase;
			buildActionMask = 2147483647;
			files = (
				168688702C8DEB1F00D55320 /* MainPresenter.swift in Sources */,
				168688802C8DF4D900D55320 /* UITableView+Extensions.swift in Sources */,
				168688582C8DE81600D55320 /* AppDelegate.swift in Sources */,
				168688742C8DED5200D55320 /* UIView+Extensions.swift in Sources */,
				1686887E2C8DF05500D55320 /* AppCell.swift in Sources */,
				1686885A2C8DE81600D55320 /* SceneDelegate.swift in Sources */,
				1686886E2C8DEAE800D55320 /* MainViewController.swift in Sources */,
			);
			runOnlyForDeploymentPostprocessing = 0;
		};
/* End PBXSourcesBuildPhase section */

/* Begin PBXVariantGroup section */
		168688622C8DE81800D55320 /* LaunchScreen.storyboard */ = {
			isa = PBXVariantGroup;
			children = (
				168688632C8DE81800D55320 /* Base */,
			);
			name = LaunchScreen.storyboard;
			sourceTree = "<group>";
		};
/* End PBXVariantGroup section */

/* Begin XCBuildConfiguration section */
		168688662C8DE81800D55320 /* Debug */ = {
			isa = XCBuildConfiguration;
			buildSettings = {
				ALWAYS_SEARCH_USER_PATHS = NO;
				ASSETCATALOG_COMPILER_GENERATE_SWIFT_ASSET_SYMBOL_EXTENSIONS = YES;
				CLANG_ANALYZER_NONNULL = YES;
				CLANG_ANALYZER_NUMBER_OBJECT_CONVERSION = YES_AGGRESSIVE;
				CLANG_CXX_LANGUAGE_STANDARD = "gnu++20";
				CLANG_ENABLE_MODULES = YES;
				CLANG_ENABLE_OBJC_ARC = YES;
				CLANG_ENABLE_OBJC_WEAK = YES;
				CLANG_WARN_BLOCK_CAPTURE_AUTORELEASING = YES;
				CLANG_WARN_BOOL_CONVERSION = YES;
				CLANG_WARN_COMMA = YES;
				CLANG_WARN_CONSTANT_CONVERSION = YES;
				CLANG_WARN_DEPRECATED_OBJC_IMPLEMENTATIONS = YES;
				CLANG_WARN_DIRECT_OBJC_ISA_USAGE = YES_ERROR;
				CLANG_WARN_DOCUMENTATION_COMMENTS = YES;
				CLANG_WARN_EMPTY_BODY = YES;
				CLANG_WARN_ENUM_CONVERSION = YES;
				CLANG_WARN_INFINITE_RECURSION = YES;
				CLANG_WARN_INT_CONVERSION = YES;
				CLANG_WARN_NON_LITERAL_NULL_CONVERSION = YES;
				CLANG_WARN_OBJC_IMPLICIT_RETAIN_SELF = YES;
				CLANG_WARN_OBJC_LITERAL_CONVERSION = YES;
				CLANG_WARN_OBJC_ROOT_CLASS = YES_ERROR;
				CLANG_WARN_QUOTED_INCLUDE_IN_FRAMEWORK_HEADER = YES;
				CLANG_WARN_RANGE_LOOP_ANALYSIS = YES;
				CLANG_WARN_STRICT_PROTOTYPES = YES;
				CLANG_WARN_SUSPICIOUS_MOVE = YES;
				CLANG_WARN_UNGUARDED_AVAILABILITY = YES_AGGRESSIVE;
				CLANG_WARN_UNREACHABLE_CODE = YES;
				CLANG_WARN__DUPLICATE_METHOD_MATCH = YES;
				COPY_PHASE_STRIP = NO;
				DEBUG_INFORMATION_FORMAT = dwarf;
				ENABLE_STRICT_OBJC_MSGSEND = YES;
				ENABLE_TESTABILITY = YES;
				ENABLE_USER_SCRIPT_SANDBOXING = YES;
				GCC_C_LANGUAGE_STANDARD = gnu17;
				GCC_DYNAMIC_NO_PIC = NO;
				GCC_NO_COMMON_BLOCKS = YES;
				GCC_OPTIMIZATION_LEVEL = 0;
				GCC_PREPROCESSOR_DEFINITIONS = (
					"DEBUG=1",
					"$(inherited)",
				);
				GCC_WARN_64_TO_32_BIT_CONVERSION = YES;
				GCC_WARN_ABOUT_RETURN_TYPE = YES_ERROR;
				GCC_WARN_UNDECLARED_SELECTOR = YES;
				GCC_WARN_UNINITIALIZED_AUTOS = YES_AGGRESSIVE;
				GCC_WARN_UNUSED_FUNCTION = YES;
				GCC_WARN_UNUSED_VARIABLE = YES;
				IPHONEOS_DEPLOYMENT_TARGET = 17.2;
				LOCALIZATION_PREFERS_STRING_CATALOGS = YES;
				MTL_ENABLE_DEBUG_INFO = INCLUDE_SOURCE;
				MTL_FAST_MATH = YES;
				ONLY_ACTIVE_ARCH = YES;
				SDKROOT = iphoneos;
				SWIFT_ACTIVE_COMPILATION_CONDITIONS = "DEBUG $(inherited)";
				SWIFT_OPTIMIZATION_LEVEL = "-Onone";
			};
			name = Debug;
		};
		168688672C8DE81800D55320 /* Release */ = {
			isa = XCBuildConfiguration;
			buildSettings = {
				ALWAYS_SEARCH_USER_PATHS = NO;
				ASSETCATALOG_COMPILER_GENERATE_SWIFT_ASSET_SYMBOL_EXTENSIONS = YES;
				CLANG_ANALYZER_NONNULL = YES;
				CLANG_ANALYZER_NUMBER_OBJECT_CONVERSION = YES_AGGRESSIVE;
				CLANG_CXX_LANGUAGE_STANDARD = "gnu++20";
				CLANG_ENABLE_MODULES = YES;
				CLANG_ENABLE_OBJC_ARC = YES;
				CLANG_ENABLE_OBJC_WEAK = YES;
				CLANG_WARN_BLOCK_CAPTURE_AUTORELEASING = YES;
				CLANG_WARN_BOOL_CONVERSION = YES;
				CLANG_WARN_COMMA = YES;
				CLANG_WARN_CONSTANT_CONVERSION = YES;
				CLANG_WARN_DEPRECATED_OBJC_IMPLEMENTATIONS = YES;
				CLANG_WARN_DIRECT_OBJC_ISA_USAGE = YES_ERROR;
				CLANG_WARN_DOCUMENTATION_COMMENTS = YES;
				CLANG_WARN_EMPTY_BODY = YES;
				CLANG_WARN_ENUM_CONVERSION = YES;
				CLANG_WARN_INFINITE_RECURSION = YES;
				CLANG_WARN_INT_CONVERSION = YES;
				CLANG_WARN_NON_LITERAL_NULL_CONVERSION = YES;
				CLANG_WARN_OBJC_IMPLICIT_RETAIN_SELF = YES;
				CLANG_WARN_OBJC_LITERAL_CONVERSION = YES;
				CLANG_WARN_OBJC_ROOT_CLASS = YES_ERROR;
				CLANG_WARN_QUOTED_INCLUDE_IN_FRAMEWORK_HEADER = YES;
				CLANG_WARN_RANGE_LOOP_ANALYSIS = YES;
				CLANG_WARN_STRICT_PROTOTYPES = YES;
				CLANG_WARN_SUSPICIOUS_MOVE = YES;
				CLANG_WARN_UNGUARDED_AVAILABILITY = YES_AGGRESSIVE;
				CLANG_WARN_UNREACHABLE_CODE = YES;
				CLANG_WARN__DUPLICATE_METHOD_MATCH = YES;
				COPY_PHASE_STRIP = NO;
				DEBUG_INFORMATION_FORMAT = "dwarf-with-dsym";
				ENABLE_NS_ASSERTIONS = NO;
				ENABLE_STRICT_OBJC_MSGSEND = YES;
				ENABLE_USER_SCRIPT_SANDBOXING = YES;
				GCC_C_LANGUAGE_STANDARD = gnu17;
				GCC_NO_COMMON_BLOCKS = YES;
				GCC_WARN_64_TO_32_BIT_CONVERSION = YES;
				GCC_WARN_ABOUT_RETURN_TYPE = YES_ERROR;
				GCC_WARN_UNDECLARED_SELECTOR = YES;
				GCC_WARN_UNINITIALIZED_AUTOS = YES_AGGRESSIVE;
				GCC_WARN_UNUSED_FUNCTION = YES;
				GCC_WARN_UNUSED_VARIABLE = YES;
				IPHONEOS_DEPLOYMENT_TARGET = 17.2;
				LOCALIZATION_PREFERS_STRING_CATALOGS = YES;
				MTL_ENABLE_DEBUG_INFO = NO;
				MTL_FAST_MATH = YES;
				SDKROOT = iphoneos;
				SWIFT_COMPILATION_MODE = wholemodule;
				VALIDATE_PRODUCT = YES;
			};
			name = Release;
		};
		168688692C8DE81800D55320 /* Debug */ = {
			isa = XCBuildConfiguration;
			buildSettings = {
				ASSETCATALOG_COMPILER_APPICON_NAME = AppIcon;
				ASSETCATALOG_COMPILER_GLOBAL_ACCENT_COLOR_NAME = AccentColor;
				CODE_SIGN_STYLE = Automatic;
				CURRENT_PROJECT_VERSION = 1;
				DEVELOPMENT_TEAM = NSA4Y9KC2A;
				GENERATE_INFOPLIST_FILE = YES;
				INFOPLIST_FILE = MiniAppsCollection/Resources/Info.plist;
				INFOPLIST_KEY_UIApplicationSupportsIndirectInputEvents = YES;
				INFOPLIST_KEY_UILaunchStoryboardName = LaunchScreen;
				INFOPLIST_KEY_UISupportedInterfaceOrientations_iPad = "UIInterfaceOrientationPortrait UIInterfaceOrientationPortraitUpsideDown UIInterfaceOrientationLandscapeLeft UIInterfaceOrientationLandscapeRight";
				INFOPLIST_KEY_UISupportedInterfaceOrientations_iPhone = "UIInterfaceOrientationPortrait UIInterfaceOrientationLandscapeLeft UIInterfaceOrientationLandscapeRight";
				LD_RUNPATH_SEARCH_PATHS = (
					"$(inherited)",
					"@executable_path/Frameworks",
				);
				MARKETING_VERSION = 1.0;
				PRODUCT_BUNDLE_IDENTIFIER = company.com.MiniAppsCollection;
				PRODUCT_NAME = "$(TARGET_NAME)";
				SWIFT_EMIT_LOC_STRINGS = YES;
				SWIFT_VERSION = 5.0;
				TARGETED_DEVICE_FAMILY = "1,2";
			};
			name = Debug;
		};
		1686886A2C8DE81800D55320 /* Release */ = {
			isa = XCBuildConfiguration;
			buildSettings = {
				ASSETCATALOG_COMPILER_APPICON_NAME = AppIcon;
				ASSETCATALOG_COMPILER_GLOBAL_ACCENT_COLOR_NAME = AccentColor;
				CODE_SIGN_STYLE = Automatic;
				CURRENT_PROJECT_VERSION = 1;
				DEVELOPMENT_TEAM = NSA4Y9KC2A;
				GENERATE_INFOPLIST_FILE = YES;
				INFOPLIST_FILE = MiniAppsCollection/Resources/Info.plist;
				INFOPLIST_KEY_UIApplicationSupportsIndirectInputEvents = YES;
				INFOPLIST_KEY_UILaunchStoryboardName = LaunchScreen;
				INFOPLIST_KEY_UISupportedInterfaceOrientations_iPad = "UIInterfaceOrientationPortrait UIInterfaceOrientationPortraitUpsideDown UIInterfaceOrientationLandscapeLeft UIInterfaceOrientationLandscapeRight";
				INFOPLIST_KEY_UISupportedInterfaceOrientations_iPhone = "UIInterfaceOrientationPortrait UIInterfaceOrientationLandscapeLeft UIInterfaceOrientationLandscapeRight";
				LD_RUNPATH_SEARCH_PATHS = (
					"$(inherited)",
					"@executable_path/Frameworks",
				);
				MARKETING_VERSION = 1.0;
				PRODUCT_BUNDLE_IDENTIFIER = company.com.MiniAppsCollection;
				PRODUCT_NAME = "$(TARGET_NAME)";
				SWIFT_EMIT_LOC_STRINGS = YES;
				SWIFT_VERSION = 5.0;
				TARGETED_DEVICE_FAMILY = "1,2";
			};
			name = Release;
		};
/* End XCBuildConfiguration section */

/* Begin XCConfigurationList section */
		1686884F2C8DE81600D55320 /* Build configuration list for PBXProject "MiniAppsCollection" */ = {
			isa = XCConfigurationList;
			buildConfigurations = (
				168688662C8DE81800D55320 /* Debug */,
				168688672C8DE81800D55320 /* Release */,
			);
			defaultConfigurationIsVisible = 0;
			defaultConfigurationName = Release;
		};
		168688682C8DE81800D55320 /* Build configuration list for PBXNativeTarget "MiniAppsCollection" */ = {
			isa = XCConfigurationList;
			buildConfigurations = (
				168688692C8DE81800D55320 /* Debug */,
				1686886A2C8DE81800D55320 /* Release */,
			);
			defaultConfigurationIsVisible = 0;
			defaultConfigurationName = Release;
		};
/* End XCConfigurationList section */

/* Begin XCRemoteSwiftPackageReference section */
		168688752C8DEE8200D55320 /* XCRemoteSwiftPackageReference "SnapKit" */ = {
			isa = XCRemoteSwiftPackageReference;
			repositoryURL = "https://github.com/SnapKit/SnapKit.git";
			requirement = {
				kind = upToNextMajorVersion;
				minimumVersion = 5.7.1;
			};
		};
/* End XCRemoteSwiftPackageReference section */

/* Begin XCSwiftPackageProductDependency section */
		168688762C8DEE8200D55320 /* SnapKit */ = {
			isa = XCSwiftPackageProductDependency;
			package = 168688752C8DEE8200D55320 /* XCRemoteSwiftPackageReference "SnapKit" */;
			productName = SnapKit;
		};
		168688782C8DEE8200D55320 /* SnapKit-Dynamic */ = {
			isa = XCSwiftPackageProductDependency;
			package = 168688752C8DEE8200D55320 /* XCRemoteSwiftPackageReference "SnapKit" */;
			productName = "SnapKit-Dynamic";
		};
/* End XCSwiftPackageProductDependency section */
	};
	rootObject = 1686884C2C8DE81600D55320 /* Project object */;
}
